// !$*UTF8*$!
{
	archiveVersion = 1;
	classes = {
	};
	objectVersion = 46;
	objects = {

/* Begin PBXBuildFile section */
		2723352019D9909C00F6FD24 /* AppDelegate.swift in Sources */ = {isa = PBXBuildFile; fileRef = 2723351F19D9909C00F6FD24 /* AppDelegate.swift */; };
		2723352219D9909C00F6FD24 /* ViewController.swift in Sources */ = {isa = PBXBuildFile; fileRef = 2723352119D9909C00F6FD24 /* ViewController.swift */; };
		2723352519D9909D00F6FD24 /* Main.storyboard in Resources */ = {isa = PBXBuildFile; fileRef = 2723352319D9909D00F6FD24 /* Main.storyboard */; };
		2723352719D9909D00F6FD24 /* Images.xcassets in Resources */ = {isa = PBXBuildFile; fileRef = 2723352619D9909D00F6FD24 /* Images.xcassets */; };
		2723352A19D9909D00F6FD24 /* LaunchScreen.xib in Resources */ = {isa = PBXBuildFile; fileRef = 2723352819D9909D00F6FD24 /* LaunchScreen.xib */; };
		2723353619D9909D00F6FD24 /* ScrollsTests.swift in Sources */ = {isa = PBXBuildFile; fileRef = 2723353519D9909D00F6FD24 /* ScrollsTests.swift */; };
		274D65D819D9AF0600B23176 /* ss@2x.png in Resources */ = {isa = PBXBuildFile; fileRef = 274D65D719D9AF0600B23176 /* ss@2x.png */; };
/* End PBXBuildFile section */

/* Begin PBXContainerItemProxy section */
		2723353019D9909D00F6FD24 /* PBXContainerItemProxy */ = {
			isa = PBXContainerItemProxy;
			containerPortal = 2723351219D9909C00F6FD24 /* Project object */;
			proxyType = 1;
			remoteGlobalIDString = 2723351919D9909C00F6FD24;
			remoteInfo = Scrolls;
		};
/* End PBXContainerItemProxy section */

/* Begin PBXFileReference section */
		2723351A19D9909C00F6FD24 /* Scrolls.app */ = {isa = PBXFileReference; explicitFileType = wrapper.application; includeInIndex = 0; path = Scrolls.app; sourceTree = BUILT_PRODUCTS_DIR; };
		2723351E19D9909C00F6FD24 /* Info.plist */ = {isa = PBXFileReference; lastKnownFileType = text.plist.xml; path = Info.plist; sourceTree = "<group>"; };
		2723351F19D9909C00F6FD24 /* AppDelegate.swift */ = {isa = PBXFileReference; lastKnownFileType = sourcecode.swift; path = AppDelegate.swift; sourceTree = "<group>"; };
		2723352119D9909C00F6FD24 /* ViewController.swift */ = {isa = PBXFileReference; lastKnownFileType = sourcecode.swift; path = ViewController.swift; sourceTree = "<group>"; };
		2723352419D9909D00F6FD24 /* Base */ = {isa = PBXFileReference; lastKnownFileType = file.storyboard; name = Base; path = Base.lproj/Main.storyboard; sourceTree = "<group>"; };
		2723352619D9909D00F6FD24 /* Images.xcassets */ = {isa = PBXFileReference; lastKnownFileType = folder.assetcatalog; path = Images.xcassets; sourceTree = "<group>"; };
		2723352919D9909D00F6FD24 /* Base */ = {isa = PBXFileReference; lastKnownFileType = file.xib; name = Base; path = Base.lproj/LaunchScreen.xib; sourceTree = "<group>"; };
		2723352F19D9909D00F6FD24 /* ScrollsTests.xctest */ = {isa = PBXFileReference; explicitFileType = wrapper.cfbundle; includeInIndex = 0; path = ScrollsTests.xctest; sourceTree = BUILT_PRODUCTS_DIR; };
		2723353419D9909D00F6FD24 /* Info.plist */ = {isa = PBXFileReference; lastKnownFileType = text.plist.xml; path = Info.plist; sourceTree = "<group>"; };
		2723353519D9909D00F6FD24 /* ScrollsTests.swift */ = {isa = PBXFileReference; lastKnownFileType = sourcecode.swift; path = ScrollsTests.swift; sourceTree = "<group>"; };
		274D65D719D9AF0600B23176 /* ss@2x.png */ = {isa = PBXFileReference; lastKnownFileType = image.png; name = "ss@2x.png"; path = "../ss@2x.png"; sourceTree = "<group>"; };
/* End PBXFileReference section */

/* Begin PBXFrameworksBuildPhase section */
		2723351719D9909C00F6FD24 /* Frameworks */ = {
			isa = PBXFrameworksBuildPhase;
			buildActionMask = 2147483647;
			files = (
			);
			runOnlyForDeploymentPostprocessing = 0;
		};
		2723352C19D9909D00F6FD24 /* Frameworks */ = {
			isa = PBXFrameworksBuildPhase;
			buildActionMask = 2147483647;
			files = (
			);
			runOnlyForDeploymentPostprocessing = 0;
		};
/* End PBXFrameworksBuildPhase section */

/* Begin PBXGroup section */
		2723351119D9909C00F6FD24 = {
			isa = PBXGroup;
			children = (
				2723351C19D9909C00F6FD24 /* Scrolls */,
				2723353219D9909D00F6FD24 /* ScrollsTests */,
				2723351B19D9909C00F6FD24 /* Products */,
			);
			sourceTree = "<group>";
		};
		2723351B19D9909C00F6FD24 /* Products */ = {
			isa = PBXGroup;
			children = (
				2723351A19D9909C00F6FD24 /* Scrolls.app */,
				2723352F19D9909D00F6FD24 /* ScrollsTests.xctest */,
			);
			name = Products;
			sourceTree = "<group>";
		};
		2723351C19D9909C00F6FD24 /* Scrolls */ = {
			isa = PBXGroup;
			children = (
				274D65D719D9AF0600B23176 /* ss@2x.png */,
				2723351F19D9909C00F6FD24 /* AppDelegate.swift */,
				2723352119D9909C00F6FD24 /* ViewController.swift */,
				2723352319D9909D00F6FD24 /* Main.storyboard */,
				2723352619D9909D00F6FD24 /* Images.xcassets */,
				2723352819D9909D00F6FD24 /* LaunchScreen.xib */,
				2723351D19D9909C00F6FD24 /* Supporting Files */,
			);
			path = Scrolls;
			sourceTree = "<group>";
		};
		2723351D19D9909C00F6FD24 /* Supporting Files */ = {
			isa = PBXGroup;
			children = (
				2723351E19D9909C00F6FD24 /* Info.plist */,
			);
			name = "Supporting Files";
			sourceTree = "<group>";
		};
		2723353219D9909D00F6FD24 /* ScrollsTests */ = {
			isa = PBXGroup;
			children = (
				2723353519D9909D00F6FD24 /* ScrollsTests.swift */,
				2723353319D9909D00F6FD24 /* Supporting Files */,
			);
			path = ScrollsTests;
			sourceTree = "<group>";
		};
		2723353319D9909D00F6FD24 /* Supporting Files */ = {
			isa = PBXGroup;
			children = (
				2723353419D9909D00F6FD24 /* Info.plist */,
			);
			name = "Supporting Files";
			sourceTree = "<group>";
		};
/* End PBXGroup section */

/* Begin PBXNativeTarget section */
		2723351919D9909C00F6FD24 /* Scrolls */ = {
			isa = PBXNativeTarget;
			buildConfigurationList = 2723353919D9909D00F6FD24 /* Build configuration list for PBXNativeTarget "Scrolls" */;
			buildPhases = (
				2723351619D9909C00F6FD24 /* Sources */,
				2723351719D9909C00F6FD24 /* Frameworks */,
				2723351819D9909C00F6FD24 /* Resources */,
			);
			buildRules = (
			);
			dependencies = (
			);
			name = Scrolls;
			productName = Scrolls;
			productReference = 2723351A19D9909C00F6FD24 /* Scrolls.app */;
			productType = "com.apple.product-type.application";
		};
		2723352E19D9909D00F6FD24 /* ScrollsTests */ = {
			isa = PBXNativeTarget;
			buildConfigurationList = 2723353C19D9909D00F6FD24 /* Build configuration list for PBXNativeTarget "ScrollsTests" */;
			buildPhases = (
				2723352B19D9909D00F6FD24 /* Sources */,
				2723352C19D9909D00F6FD24 /* Frameworks */,
				2723352D19D9909D00F6FD24 /* Resources */,
			);
			buildRules = (
			);
			dependencies = (
				2723353119D9909D00F6FD24 /* PBXTargetDependency */,
			);
			name = ScrollsTests;
			productName = ScrollsTests;
			productReference = 2723352F19D9909D00F6FD24 /* ScrollsTests.xctest */;
			productType = "com.apple.product-type.bundle.unit-test";
		};
/* End PBXNativeTarget section */

/* Begin PBXProject section */
		2723351219D9909C00F6FD24 /* Project object */ = {
			isa = PBXProject;
			attributes = {
				LastUpgradeCheck = 0600;
				ORGANIZATIONNAME = "Katlyn Schwaebe";
				TargetAttributes = {
					2723351919D9909C00F6FD24 = {
						CreatedOnToolsVersion = 6.0;
					};
					2723352E19D9909D00F6FD24 = {
						CreatedOnToolsVersion = 6.0;
						TestTargetID = 2723351919D9909C00F6FD24;
					};
				};
			};
			buildConfigurationList = 2723351519D9909C00F6FD24 /* Build configuration list for PBXProject "Scrolls" */;
			compatibilityVersion = "Xcode 3.2";
			developmentRegion = English;
			hasScannedForEncodings = 0;
			knownRegions = (
				en,
				Base,
			);
			mainGroup = 2723351119D9909C00F6FD24;
			productRefGroup = 2723351B19D9909C00F6FD24 /* Products */;
			projectDirPath = "";
			projectRoot = "";
			targets = (
				2723351919D9909C00F6FD24 /* Scrolls */,
				2723352E19D9909D00F6FD24 /* ScrollsTests */,
			);
		};
/* End PBXProject section */

/* Begin PBXResourcesBuildPhase section */
		2723351819D9909C00F6FD24 /* Resources */ = {
			isa = PBXResourcesBuildPhase;
			buildActionMask = 2147483647;
			files = (
				2723352519D9909D00F6FD24 /* Main.storyboard in Resources */,
				2723352A19D9909D00F6FD24 /* LaunchScreen.xib in Resources */,
				2723352719D9909D00F6FD24 /* Images.xcassets in Resources */,
				274D65D819D9AF0600B23176 /* ss@2x.png in Resources */,
			);
			runOnlyForDeploymentPostprocessing = 0;
		};
		2723352D19D9909D00F6FD24 /* Resources */ = {
			isa = PBXResourcesBuildPhase;
			buildActionMask = 2147483647;
			files = (
			);
			runOnlyForDeploymentPostprocessing = 0;
		};
/* End PBXResourcesBuildPhase section */

/* Begin PBXSourcesBuildPhase section */
		2723351619D9909C00F6FD24 /* Sources */ = {
			isa = PBXSourcesBuildPhase;
			buildActionMask = 2147483647;
			files = (
				2723352219D9909C00F6FD24 /* ViewController.swift in Sources */,
				2723352019D9909C00F6FD24 /* AppDelegate.swift in Sources */,
			);
			runOnlyForDeploymentPostprocessing = 0;
		};
		2723352B19D9909D00F6FD24 /* Sources */ = {
			isa = PBXSourcesBuildPhase;
			buildActionMask = 2147483647;
			files = (
				2723353619D9909D00F6FD24 /* ScrollsTests.swift in Sources */,
			);
			runOnlyForDeploymentPostprocessing = 0;
		};
/* End PBXSourcesBuildPhase section */

/* Begin PBXTargetDependency section */
		2723353119D9909D00F6FD24 /* PBXTargetDependency */ = {
			isa = PBXTargetDependency;
			target = 2723351919D9909C00F6FD24 /* Scrolls */;
			targetProxy = 2723353019D9909D00F6FD24 /* PBXContainerItemProxy */;
		};
/* End PBXTargetDependency section */

/* Begin PBXVariantGroup section */
		2723352319D9909D00F6FD24 /* Main.storyboard */ = {
			isa = PBXVariantGroup;
			children = (
				2723352419D9909D00F6FD24 /* Base */,
			);
			name = Main.storyboard;
			sourceTree = "<group>";
		};
		2723352819D9909D00F6FD24 /* LaunchScreen.xib */ = {
			isa = PBXVariantGroup;
			children = (
				2723352919D9909D00F6FD24 /* Base */,
			);
			name = LaunchScreen.xib;
			sourceTree = "<group>";
		};
/* End PBXVariantGroup section */

/* Begin XCBuildConfiguration section */
		2723353719D9909D00F6FD24 /* Debug */ = {
			isa = XCBuildConfiguration;
			buildSettings = {
				ALWAYS_SEARCH_USER_PATHS = NO;
				CLANG_CXX_LANGUAGE_STANDARD = "gnu++0x";
				CLANG_CXX_LIBRARY = "libc++";
				CLANG_ENABLE_MODULES = YES;
				CLANG_ENABLE_OBJC_ARC = YES;
				CLANG_WARN_BOOL_CONVERSION = YES;
				CLANG_WARN_CONSTANT_CONVERSION = YES;
				CLANG_WARN_DIRECT_OBJC_ISA_USAGE = YES_ERROR;
				CLANG_WARN_EMPTY_BODY = YES;
				CLANG_WARN_ENUM_CONVERSION = YES;
				CLANG_WARN_INT_CONVERSION = YES;
				CLANG_WARN_OBJC_ROOT_CLASS = YES_ERROR;
				CLANG_WARN_UNREACHABLE_CODE = YES;
				CLANG_WARN__DUPLICATE_METHOD_MATCH = YES;
				"CODE_SIGN_IDENTITY[sdk=iphoneos*]" = "iPhone Developer";
				COPY_PHASE_STRIP = NO;
				ENABLE_STRICT_OBJC_MSGSEND = YES;
				GCC_C_LANGUAGE_STANDARD = gnu99;
				GCC_DYNAMIC_NO_PIC = NO;
				GCC_OPTIMIZATION_LEVEL = 0;
				GCC_PREPROCESSOR_DEFINITIONS = (
					"DEBUG=1",
					"$(inherited)",
				);
				GCC_SYMBOLS_PRIVATE_EXTERN = NO;
				GCC_WARN_64_TO_32_BIT_CONVERSION = YES;
				GCC_WARN_ABOUT_RETURN_TYPE = YES_ERROR;
				GCC_WARN_UNDECLARED_SELECTOR = YES;
				GCC_WARN_UNINITIALIZED_AUTOS = YES_AGGRESSIVE;
				GCC_WARN_UNUSED_FUNCTION = YES;
				GCC_WARN_UNUSED_VARIABLE = YES;
				IPHONEOS_DEPLOYMENT_TARGET = 8.0;
				MTL_ENABLE_DEBUG_INFO = YES;
				ONLY_ACTIVE_ARCH = YES;
				SDKROOT = iphoneos;
				SWIFT_OPTIMIZATION_LEVEL = "-Onone";
				TARGETED_DEVICE_FAMILY = "1,2";
			};
			name = Debug;
		};
		2723353819D9909D00F6FD24 /* Release */ = {
			isa = XCBuildConfiguration;
			buildSettings = {
				ALWAYS_SEARCH_USER_PATHS = NO;
				CLANG_CXX_LANGUAGE_STANDARD = "gnu++0x";
				CLANG_CXX_LIBRARY = "libc++";
				CLANG_ENABLE_MODULES = YES;
				CLANG_ENABLE_OBJC_ARC = YES;
				CLANG_WARN_BOOL_CONVERSION = YES;
				CLANG_WARN_CONSTANT_CONVERSION = YES;
				CLANG_WARN_DIRECT_OBJC_ISA_USAGE = YES_ERROR;
				CLANG_WARN_EMPTY_BODY = YES;
				CLANG_WARN_ENUM_CONVERSION = YES;
				CLANG_WARN_INT_CONVERSION = YES;
				CLANG_WARN_OBJC_ROOT_CLASS = YES_ERROR;
				CLANG_WARN_UNREACHABLE_CODE = YES;
				CLANG_WARN__DUPLICATE_METHOD_MATCH = YES;
				"CODE_SIGN_IDENTITY[sdk=iphoneos*]" = "iPhone Developer";
				COPY_PHASE_STRIP = YES;
				ENABLE_NS_ASSERTIONS = NO;
				ENABLE_STRICT_OBJC_MSGSEND = YES;
				GCC_C_LANGUAGE_STANDARD = gnu99;
				GCC_WARN_64_TO_32_BIT_CONVERSION = YES;
				GCC_WARN_ABOUT_RETURN_TYPE = YES_ERROR;
				GCC_WARN_UNDECLARED_SELECTOR = YES;
				GCC_WARN_UNINITIALIZED_AUTOS = YES_AGGRESSIVE;
				GCC_WARN_UNUSED_FUNCTION = YES;
				GCC_WARN_UNUSED_VARIABLE = YES;
				IPHONEOS_DEPLOYMENT_TARGET = 8.0;
				MTL_ENABLE_DEBUG_INFO = NO;
				SDKROOT = iphoneos;
				TARGETED_DEVICE_FAMILY = "1,2";
				VALIDATE_PRODUCT = YES;
			};
			name = Release;
		};
		2723353A19D9909D00F6FD24 /* Debug */ = {
			isa = XCBuildConfiguration;
			buildSettings = {
				ASSETCATALOG_COMPILER_APPICON_NAME = AppIcon;
				INFOPLIST_FILE = Scrolls/Info.plist;
				LD_RUNPATH_SEARCH_PATHS = "$(inherited) @executable_path/Frameworks";
				PRODUCT_NAME = "$(TARGET_NAME)";
			};
			name = Debug;
		};
		2723353B19D9909D00F6FD24 /* Release */ = {
			isa = XCBuildConfiguration;
			buildSettings = {
				ASSETCATALOG_COMPILER_APPICON_NAME = AppIcon;
				INFOPLIST_FILE = Scrolls/Info.plist;
				LD_RUNPATH_SEARCH_PATHS = "$(inherited) @executable_path/Frameworks";
				PRODUCT_NAME = "$(TARGET_NAME)";
			};
			name = Release;
		};
		2723353D19D9909D00F6FD24 /* Debug */ = {
			isa = XCBuildConfiguration;
			buildSettings = {
				BUNDLE_LOADER = "$(TEST_HOST)";
				FRAMEWORK_SEARCH_PATHS = (
					"$(SDKROOT)/Developer/Library/Frameworks",
					"$(inherited)",
				);
				GCC_PREPROCESSOR_DEFINITIONS = (
					"DEBUG=1",
					"$(inherited)",
				);
				INFOPLIST_FILE = ScrollsTests/Info.plist;
				LD_RUNPATH_SEARCH_PATHS = "$(inherited) @executable_path/Frameworks @loader_path/Frameworks";
				PRODUCT_NAME = "$(TARGET_NAME)";
				TEST_HOST = "$(BUILT_PRODUCTS_DIR)/Scrolls.app/Scrolls";
			};
			name = Debug;
		};
		2723353E19D9909D00F6FD24 /* Release */ = {
			isa = XCBuildConfiguration;
			buildSettings = {
				BUNDLE_LOADER = "$(TEST_HOST)";
				FRAMEWORK_SEARCH_PATHS = (
					"$(SDKROOT)/Developer/Library/Frameworks",
					"$(inherited)",
				);
				INFOPLIST_FILE = ScrollsTests/Info.plist;
				LD_RUNPATH_SEARCH_PATHS = "$(inherited) @executable_path/Frameworks @loader_path/Frameworks";
				PRODUCT_NAME = "$(TARGET_NAME)";
				TEST_HOST = "$(BUILT_PRODUCTS_DIR)/Scrolls.app/Scrolls";
			};
			name = Release;
		};
/* End XCBuildConfiguration section */

/* Begin XCConfigurationList section */
		2723351519D9909C00F6FD24 /* Build configuration list for PBXProject "Scrolls" */ = {
			isa = XCConfigurationList;
			buildConfigurations = (
				2723353719D9909D00F6FD24 /* Debug */,
				2723353819D9909D00F6FD24 /* Release */,
			);
			defaultConfigurationIsVisible = 0;
			defaultConfigurationName = Release;
		};
		2723353919D9909D00F6FD24 /* Build configuration list for PBXNativeTarget "Scrolls" */ = {
			isa = XCConfigurationList;
			buildConfigurations = (
				2723353A19D9909D00F6FD24 /* Debug */,
				2723353B19D9909D00F6FD24 /* Release */,
			);
			defaultConfigurationIsVisible = 0;
			defaultConfigurationName = Release;
		};
		2723353C19D9909D00F6FD24 /* Build configuration list for PBXNativeTarget "ScrollsTests" */ = {
			isa = XCConfigurationList;
			buildConfigurations = (
				2723353D19D9909D00F6FD24 /* Debug */,
				2723353E19D9909D00F6FD24 /* Release */,
			);
			defaultConfigurationIsVisible = 0;
			defaultConfigurationName = Release;
		};
/* End XCConfigurationList section */
	};
	rootObject = 2723351219D9909C00F6FD24 /* Project object */;
}
